// !$*UTF8*$!
{
	archiveVersion = 1;
	classes = {
	};
	objectVersion = 56;
	objects = {

/* Begin PBXBuildFile section */
		862CED532AE91F5A0093606B /* AppDelegate.swift in Sources */ = {isa = PBXBuildFile; fileRef = 862CED522AE91F5A0093606B /* AppDelegate.swift */; };
		862CED552AE91F5A0093606B /* SceneDelegate.swift in Sources */ = {isa = PBXBuildFile; fileRef = 862CED542AE91F5A0093606B /* SceneDelegate.swift */; };
		862CED5C2AE91F5C0093606B /* Assets.xcassets in Resources */ = {isa = PBXBuildFile; fileRef = 862CED5B2AE91F5C0093606B /* Assets.xcassets */; };
		862CED5F2AE91F5C0093606B /* LaunchScreen.storyboard in Resources */ = {isa = PBXBuildFile; fileRef = 862CED5D2AE91F5C0093606B /* LaunchScreen.storyboard */; };
		862CED672AE921BA0093606B /* DocViewController.swift in Sources */ = {isa = PBXBuildFile; fileRef = 862CED662AE921BA0093606B /* DocViewController.swift */; };
		8632C4BE2AED359800C904A5 /* ModelButton.swift in Sources */ = {isa = PBXBuildFile; fileRef = 8632C4BD2AED359800C904A5 /* ModelButton.swift */; };
		86568D012AEF80010012A88E /* KeychainSwift in Frameworks */ = {isa = PBXBuildFile; productRef = 86568D002AEF80010012A88E /* KeychainSwift */; };
		86568D032AEF99690012A88E /* SettingsViewController.swift in Sources */ = {isa = PBXBuildFile; fileRef = 86568D022AEF99690012A88E /* SettingsViewController.swift */; };
		86568D052AEF9C7D0012A88E /* KeychainService.swift in Sources */ = {isa = PBXBuildFile; fileRef = 86568D042AEF9C7D0012A88E /* KeychainService.swift */; };
		865D5BCF2AED170500ABC519 /* PasswordController.swift in Sources */ = {isa = PBXBuildFile; fileRef = 865D5BCE2AED170500ABC519 /* PasswordController.swift */; };
		867A031C2AEA5C130075A7C9 /* Service.swift in Sources */ = {isa = PBXBuildFile; fileRef = 867A031B2AEA5C130075A7C9 /* Service.swift */; };
		867A031F2AEA87190075A7C9 /* Model.swift in Sources */ = {isa = PBXBuildFile; fileRef = 867A031E2AEA87190075A7C9 /* Model.swift */; };
/* End PBXBuildFile section */

/* Begin PBXFileReference section */
		862CED4F2AE91F5A0093606B /* AppDocuments.app */ = {isa = PBXFileReference; explicitFileType = wrapper.application; includeInIndex = 0; path = AppDocuments.app; sourceTree = BUILT_PRODUCTS_DIR; };
		862CED522AE91F5A0093606B /* AppDelegate.swift */ = {isa = PBXFileReference; lastKnownFileType = sourcecode.swift; path = AppDelegate.swift; sourceTree = "<group>"; };
		862CED542AE91F5A0093606B /* SceneDelegate.swift */ = {isa = PBXFileReference; lastKnownFileType = sourcecode.swift; path = SceneDelegate.swift; sourceTree = "<group>"; };
		862CED5B2AE91F5C0093606B /* Assets.xcassets */ = {isa = PBXFileReference; lastKnownFileType = folder.assetcatalog; path = Assets.xcassets; sourceTree = "<group>"; };
		862CED5E2AE91F5C0093606B /* Base */ = {isa = PBXFileReference; lastKnownFileType = file.storyboard; name = Base; path = Base.lproj/LaunchScreen.storyboard; sourceTree = "<group>"; };
		862CED602AE91F5C0093606B /* Info.plist */ = {isa = PBXFileReference; lastKnownFileType = text.plist.xml; path = Info.plist; sourceTree = "<group>"; };
		862CED662AE921BA0093606B /* DocViewController.swift */ = {isa = PBXFileReference; lastKnownFileType = sourcecode.swift; path = DocViewController.swift; sourceTree = "<group>"; };
		8632C4BD2AED359800C904A5 /* ModelButton.swift */ = {isa = PBXFileReference; lastKnownFileType = sourcecode.swift; path = ModelButton.swift; sourceTree = "<group>"; };
		86568D022AEF99690012A88E /* SettingsViewController.swift */ = {isa = PBXFileReference; lastKnownFileType = sourcecode.swift; path = SettingsViewController.swift; sourceTree = "<group>"; };
		86568D042AEF9C7D0012A88E /* KeychainService.swift */ = {isa = PBXFileReference; lastKnownFileType = sourcecode.swift; path = KeychainService.swift; sourceTree = "<group>"; };
		865D5BCE2AED170500ABC519 /* PasswordController.swift */ = {isa = PBXFileReference; lastKnownFileType = sourcecode.swift; path = PasswordController.swift; sourceTree = "<group>"; };
		867A031B2AEA5C130075A7C9 /* Service.swift */ = {isa = PBXFileReference; lastKnownFileType = sourcecode.swift; path = Service.swift; sourceTree = "<group>"; };
		867A031E2AEA87190075A7C9 /* Model.swift */ = {isa = PBXFileReference; lastKnownFileType = sourcecode.swift; path = Model.swift; sourceTree = "<group>"; };
/* End PBXFileReference section */

/* Begin PBXFrameworksBuildPhase section */
		862CED4C2AE91F5A0093606B /* Frameworks */ = {
			isa = PBXFrameworksBuildPhase;
			buildActionMask = 2147483647;
			files = (
				86568D012AEF80010012A88E /* KeychainSwift in Frameworks */,
			);
			runOnlyForDeploymentPostprocessing = 0;
		};
/* End PBXFrameworksBuildPhase section */

/* Begin PBXGroup section */
		862CED462AE91F590093606B = {
			isa = PBXGroup;
			children = (
				862CED512AE91F5A0093606B /* AppDocuments */,
				862CED502AE91F5A0093606B /* Products */,
			);
			sourceTree = "<group>";
		};
		862CED502AE91F5A0093606B /* Products */ = {
			isa = PBXGroup;
			children = (
				862CED4F2AE91F5A0093606B /* AppDocuments.app */,
			);
			name = Products;
			sourceTree = "<group>";
		};
		862CED512AE91F5A0093606B /* AppDocuments */ = {
			isa = PBXGroup;
			children = (
				867A031D2AEA870A0075A7C9 /* Model */,
				862CED6A2AE923480093606B /* Services */,
				862CED692AE923350093606B /* Controllers */,
				862CED682AE9231D0093606B /* App */,
				862CED5B2AE91F5C0093606B /* Assets.xcassets */,
				862CED5D2AE91F5C0093606B /* LaunchScreen.storyboard */,
				862CED602AE91F5C0093606B /* Info.plist */,
			);
			path = AppDocuments;
			sourceTree = "<group>";
		};
		862CED682AE9231D0093606B /* App */ = {
			isa = PBXGroup;
			children = (
				862CED542AE91F5A0093606B /* SceneDelegate.swift */,
				862CED522AE91F5A0093606B /* AppDelegate.swift */,
			);
			path = App;
			sourceTree = "<group>";
		};
		862CED692AE923350093606B /* Controllers */ = {
			isa = PBXGroup;
			children = (
				862CED662AE921BA0093606B /* DocViewController.swift */,
				865D5BCE2AED170500ABC519 /* PasswordController.swift */,
				86568D022AEF99690012A88E /* SettingsViewController.swift */,
			);
			path = Controllers;
			sourceTree = "<group>";
		};
		862CED6A2AE923480093606B /* Services */ = {
			isa = PBXGroup;
			children = (
				867A031B2AEA5C130075A7C9 /* Service.swift */,
				86568D042AEF9C7D0012A88E /* KeychainService.swift */,
			);
			path = Services;
			sourceTree = "<group>";
		};
		867A031D2AEA870A0075A7C9 /* Model */ = {
			isa = PBXGroup;
			children = (
				867A031E2AEA87190075A7C9 /* Model.swift */,
				8632C4BD2AED359800C904A5 /* ModelButton.swift */,
			);
			path = Model;
			sourceTree = "<group>";
		};
/* End PBXGroup section */

/* Begin PBXNativeTarget section */
		862CED4E2AE91F5A0093606B /* AppDocuments */ = {
			isa = PBXNativeTarget;
			buildConfigurationList = 862CED632AE91F5C0093606B /* Build configuration list for PBXNativeTarget "AppDocuments" */;
			buildPhases = (
				862CED4B2AE91F5A0093606B /* Sources */,
				862CED4C2AE91F5A0093606B /* Frameworks */,
				862CED4D2AE91F5A0093606B /* Resources */,
			);
			buildRules = (
			);
			dependencies = (
			);
			name = AppDocuments;
			packageProductDependencies = (
				86568D002AEF80010012A88E /* KeychainSwift */,
			);
			productName = AppDocuments;
			productReference = 862CED4F2AE91F5A0093606B /* AppDocuments.app */;
			productType = "com.apple.product-type.application";
		};
/* End PBXNativeTarget section */

/* Begin PBXProject section */
		862CED472AE91F590093606B /* Project object */ = {
			isa = PBXProject;
			attributes = {
				BuildIndependentTargetsInParallel = 1;
				LastSwiftUpdateCheck = 1430;
				LastUpgradeCheck = 1430;
				TargetAttributes = {
					862CED4E2AE91F5A0093606B = {
						CreatedOnToolsVersion = 14.3.1;
					};
				};
			};
			buildConfigurationList = 862CED4A2AE91F590093606B /* Build configuration list for PBXProject "AppDocuments" */;
			compatibilityVersion = "Xcode 14.0";
			developmentRegion = en;
			hasScannedForEncodings = 0;
			knownRegions = (
				en,
				Base,
			);
			mainGroup = 862CED462AE91F590093606B;
			packageReferences = (
				86568CFF2AEF80010012A88E /* XCRemoteSwiftPackageReference "keychain-swift" */,
			);
			productRefGroup = 862CED502AE91F5A0093606B /* Products */;
			projectDirPath = "";
			projectRoot = "";
			targets = (
				862CED4E2AE91F5A0093606B /* AppDocuments */,
			);
		};
/* End PBXProject section */

/* Begin PBXResourcesBuildPhase section */
		862CED4D2AE91F5A0093606B /* Resources */ = {
			isa = PBXResourcesBuildPhase;
			buildActionMask = 2147483647;
			files = (
				862CED5F2AE91F5C0093606B /* LaunchScreen.storyboard in Resources */,
				862CED5C2AE91F5C0093606B /* Assets.xcassets in Resources */,
			);
			runOnlyForDeploymentPostprocessing = 0;
		};
/* End PBXResourcesBuildPhase section */

/* Begin PBXSourcesBuildPhase section */
		862CED4B2AE91F5A0093606B /* Sources */ = {
			isa = PBXSourcesBuildPhase;
			buildActionMask = 2147483647;
			files = (
				862CED532AE91F5A0093606B /* AppDelegate.swift in Sources */,
				867A031C2AEA5C130075A7C9 /* Service.swift in Sources */,
				8632C4BE2AED359800C904A5 /* ModelButton.swift in Sources */,
				865D5BCF2AED170500ABC519 /* PasswordController.swift in Sources */,
				867A031F2AEA87190075A7C9 /* Model.swift in Sources */,
				86568D052AEF9C7D0012A88E /* KeychainService.swift in Sources */,
				862CED552AE91F5A0093606B /* SceneDelegate.swift in Sources */,
				862CED672AE921BA0093606B /* DocViewController.swift in Sources */,
				86568D032AEF99690012A88E /* SettingsViewController.swift in Sources */,
			);
			runOnlyForDeploymentPostprocessing = 0;
		};
/* End PBXSourcesBuildPhase section */

/* Begin PBXVariantGroup section */
		862CED5D2AE91F5C0093606B /* LaunchScreen.storyboard */ = {
			isa = PBXVariantGroup;
			children = (
				862CED5E2AE91F5C0093606B /* Base */,
			);
			name = LaunchScreen.storyboard;
			sourceTree = "<group>";
		};
/* End PBXVariantGroup section */

/* Begin XCBuildConfiguration section */
		862CED612AE91F5C0093606B /* Debug */ = {
			isa = XCBuildConfiguration;
			buildSettings = {
				ALWAYS_SEARCH_USER_PATHS = NO;
				CLANG_ANALYZER_NONNULL = YES;
				CLANG_ANALYZER_NUMBER_OBJECT_CONVERSION = YES_AGGRESSIVE;
				CLANG_CXX_LANGUAGE_STANDARD = "gnu++20";
				CLANG_ENABLE_MODULES = YES;
				CLANG_ENABLE_OBJC_ARC = YES;
				CLANG_ENABLE_OBJC_WEAK = YES;
				CLANG_WARN_BLOCK_CAPTURE_AUTORELEASING = YES;
				CLANG_WARN_BOOL_CONVERSION = YES;
				CLANG_WARN_COMMA = YES;
				CLANG_WARN_CONSTANT_CONVERSION = YES;
				CLANG_WARN_DEPRECATED_OBJC_IMPLEMENTATIONS = YES;
				CLANG_WARN_DIRECT_OBJC_ISA_USAGE = YES_ERROR;
				CLANG_WARN_DOCUMENTATION_COMMENTS = YES;
				CLANG_WARN_EMPTY_BODY = YES;
				CLANG_WARN_ENUM_CONVERSION = YES;
				CLANG_WARN_INFINITE_RECURSION = YES;
				CLANG_WARN_INT_CONVERSION = YES;
				CLANG_WARN_NON_LITERAL_NULL_CONVERSION = YES;
				CLANG_WARN_OBJC_IMPLICIT_RETAIN_SELF = YES;
				CLANG_WARN_OBJC_LITERAL_CONVERSION = YES;
				CLANG_WARN_OBJC_ROOT_CLASS = YES_ERROR;
				CLANG_WARN_QUOTED_INCLUDE_IN_FRAMEWORK_HEADER = YES;
				CLANG_WARN_RANGE_LOOP_ANALYSIS = YES;
				CLANG_WARN_STRICT_PROTOTYPES = YES;
				CLANG_WARN_SUSPICIOUS_MOVE = YES;
				CLANG_WARN_UNGUARDED_AVAILABILITY = YES_AGGRESSIVE;
				CLANG_WARN_UNREACHABLE_CODE = YES;
				CLANG_WARN__DUPLICATE_METHOD_MATCH = YES;
				COPY_PHASE_STRIP = NO;
				DEBUG_INFORMATION_FORMAT = dwarf;
				ENABLE_STRICT_OBJC_MSGSEND = YES;
				ENABLE_TESTABILITY = YES;
				GCC_C_LANGUAGE_STANDARD = gnu11;
				GCC_DYNAMIC_NO_PIC = NO;
				GCC_NO_COMMON_BLOCKS = YES;
				GCC_OPTIMIZATION_LEVEL = 0;
				GCC_PREPROCESSOR_DEFINITIONS = (
					"DEBUG=1",
					"$(inherited)",
				);
				GCC_WARN_64_TO_32_BIT_CONVERSION = YES;
				GCC_WARN_ABOUT_RETURN_TYPE = YES_ERROR;
				GCC_WARN_UNDECLARED_SELECTOR = YES;
				GCC_WARN_UNINITIALIZED_AUTOS = YES_AGGRESSIVE;
				GCC_WARN_UNUSED_FUNCTION = YES;
				GCC_WARN_UNUSED_VARIABLE = YES;
				IPHONEOS_DEPLOYMENT_TARGET = 16.4;
				MTL_ENABLE_DEBUG_INFO = INCLUDE_SOURCE;
				MTL_FAST_MATH = YES;
				ONLY_ACTIVE_ARCH = YES;
				SDKROOT = iphoneos;
				SWIFT_ACTIVE_COMPILATION_CONDITIONS = DEBUG;
				SWIFT_OPTIMIZATION_LEVEL = "-Onone";
			};
			name = Debug;
		};
		862CED622AE91F5C0093606B /* Release */ = {
			isa = XCBuildConfiguration;
			buildSettings = {
				ALWAYS_SEARCH_USER_PATHS = NO;
				CLANG_ANALYZER_NONNULL = YES;
				CLANG_ANALYZER_NUMBER_OBJECT_CONVERSION = YES_AGGRESSIVE;
				CLANG_CXX_LANGUAGE_STANDARD = "gnu++20";
				CLANG_ENABLE_MODULES = YES;
				CLANG_ENABLE_OBJC_ARC = YES;
				CLANG_ENABLE_OBJC_WEAK = YES;
				CLANG_WARN_BLOCK_CAPTURE_AUTORELEASING = YES;
				CLANG_WARN_BOOL_CONVERSION = YES;
				CLANG_WARN_COMMA = YES;
				CLANG_WARN_CONSTANT_CONVERSION = YES;
				CLANG_WARN_DEPRECATED_OBJC_IMPLEMENTATIONS = YES;
				CLANG_WARN_DIRECT_OBJC_ISA_USAGE = YES_ERROR;
				CLANG_WARN_DOCUMENTATION_COMMENTS = YES;
				CLANG_WARN_EMPTY_BODY = YES;
				CLANG_WARN_ENUM_CONVERSION = YES;
				CLANG_WARN_INFINITE_RECURSION = YES;
				CLANG_WARN_INT_CONVERSION = YES;
				CLANG_WARN_NON_LITERAL_NULL_CONVERSION = YES;
				CLANG_WARN_OBJC_IMPLICIT_RETAIN_SELF = YES;
				CLANG_WARN_OBJC_LITERAL_CONVERSION = YES;
				CLANG_WARN_OBJC_ROOT_CLASS = YES_ERROR;
				CLANG_WARN_QUOTED_INCLUDE_IN_FRAMEWORK_HEADER = YES;
				CLANG_WARN_RANGE_LOOP_ANALYSIS = YES;
				CLANG_WARN_STRICT_PROTOTYPES = YES;
				CLANG_WARN_SUSPICIOUS_MOVE = YES;
				CLANG_WARN_UNGUARDED_AVAILABILITY = YES_AGGRESSIVE;
				CLANG_WARN_UNREACHABLE_CODE = YES;
				CLANG_WARN__DUPLICATE_METHOD_MATCH = YES;
				COPY_PHASE_STRIP = NO;
				DEBUG_INFORMATION_FORMAT = "dwarf-with-dsym";
				ENABLE_NS_ASSERTIONS = NO;
				ENABLE_STRICT_OBJC_MSGSEND = YES;
				GCC_C_LANGUAGE_STANDARD = gnu11;
				GCC_NO_COMMON_BLOCKS = YES;
				GCC_WARN_64_TO_32_BIT_CONVERSION = YES;
				GCC_WARN_ABOUT_RETURN_TYPE = YES_ERROR;
				GCC_WARN_UNDECLARED_SELECTOR = YES;
				GCC_WARN_UNINITIALIZED_AUTOS = YES_AGGRESSIVE;
				GCC_WARN_UNUSED_FUNCTION = YES;
				GCC_WARN_UNUSED_VARIABLE = YES;
				IPHONEOS_DEPLOYMENT_TARGET = 16.4;
				MTL_ENABLE_DEBUG_INFO = NO;
				MTL_FAST_MATH = YES;
				SDKROOT = iphoneos;
				SWIFT_COMPILATION_MODE = wholemodule;
				SWIFT_OPTIMIZATION_LEVEL = "-O";
				VALIDATE_PRODUCT = YES;
			};
			name = Release;
		};
		862CED642AE91F5C0093606B /* Debug */ = {
			isa = XCBuildConfiguration;
			buildSettings = {
				ASSETCATALOG_COMPILER_APPICON_NAME = AppIcon;
				ASSETCATALOG_COMPILER_GLOBAL_ACCENT_COLOR_NAME = AccentColor;
				CODE_SIGN_STYLE = Automatic;
				CURRENT_PROJECT_VERSION = 1;
				GENERATE_INFOPLIST_FILE = YES;
				INFOPLIST_FILE = AppDocuments/Info.plist;
				INFOPLIST_KEY_UIApplicationSupportsIndirectInputEvents = YES;
				INFOPLIST_KEY_UILaunchStoryboardName = LaunchScreen;
				INFOPLIST_KEY_UISupportedInterfaceOrientations_iPad = "UIInterfaceOrientationPortrait UIInterfaceOrientationPortraitUpsideDown UIInterfaceOrientationLandscapeLeft UIInterfaceOrientationLandscapeRight";
				INFOPLIST_KEY_UISupportedInterfaceOrientations_iPhone = "UIInterfaceOrientationPortrait UIInterfaceOrientationLandscapeLeft UIInterfaceOrientationLandscapeRight";
				LD_RUNPATH_SEARCH_PATHS = (
					"$(inherited)",
					"@executable_path/Frameworks",
				);
				MARKETING_VERSION = 1.0;
				PRODUCT_BUNDLE_IDENTIFIER = gordeeva.AppDocuments;
				PRODUCT_NAME = "$(TARGET_NAME)";
				SWIFT_EMIT_LOC_STRINGS = YES;
				SWIFT_VERSION = 5.0;
				TARGETED_DEVICE_FAMILY = "1,2";
			};
			name = Debug;
		};
		862CED652AE91F5C0093606B /* Release */ = {
			isa = XCBuildConfiguration;
			buildSettings = {
				ASSETCATALOG_COMPILER_APPICON_NAME = AppIcon;
				ASSETCATALOG_COMPILER_GLOBAL_ACCENT_COLOR_NAME = AccentColor;
				CODE_SIGN_STYLE = Automatic;
				CURRENT_PROJECT_VERSION = 1;
				GENERATE_INFOPLIST_FILE = YES;
				INFOPLIST_FILE = AppDocuments/Info.plist;
				INFOPLIST_KEY_UIApplicationSupportsIndirectInputEvents = YES;
				INFOPLIST_KEY_UILaunchStoryboardName = LaunchScreen;
				INFOPLIST_KEY_UISupportedInterfaceOrientations_iPad = "UIInterfaceOrientationPortrait UIInterfaceOrientationPortraitUpsideDown UIInterfaceOrientationLandscapeLeft UIInterfaceOrientationLandscapeRight";
				INFOPLIST_KEY_UISupportedInterfaceOrientations_iPhone = "UIInterfaceOrientationPortrait UIInterfaceOrientationLandscapeLeft UIInterfaceOrientationLandscapeRight";
				LD_RUNPATH_SEARCH_PATHS = (
					"$(inherited)",
					"@executable_path/Frameworks",
				);
				MARKETING_VERSION = 1.0;
				PRODUCT_BUNDLE_IDENTIFIER = gordeeva.AppDocuments;
				PRODUCT_NAME = "$(TARGET_NAME)";
				SWIFT_EMIT_LOC_STRINGS = YES;
				SWIFT_VERSION = 5.0;
				TARGETED_DEVICE_FAMILY = "1,2";
			};
			name = Release;
		};
/* End XCBuildConfiguration section */

/* Begin XCConfigurationList section */
		862CED4A2AE91F590093606B /* Build configuration list for PBXProject "AppDocuments" */ = {
			isa = XCConfigurationList;
			buildConfigurations = (
				862CED612AE91F5C0093606B /* Debug */,
				862CED622AE91F5C0093606B /* Release */,
			);
			defaultConfigurationIsVisible = 0;
			defaultConfigurationName = Release;
		};
		862CED632AE91F5C0093606B /* Build configuration list for PBXNativeTarget "AppDocuments" */ = {
			isa = XCConfigurationList;
			buildConfigurations = (
				862CED642AE91F5C0093606B /* Debug */,
				862CED652AE91F5C0093606B /* Release */,
			);
			defaultConfigurationIsVisible = 0;
			defaultConfigurationName = Release;
		};
/* End XCConfigurationList section */

/* Begin XCRemoteSwiftPackageReference section */
		86568CFF2AEF80010012A88E /* XCRemoteSwiftPackageReference "keychain-swift" */ = {
			isa = XCRemoteSwiftPackageReference;
			repositoryURL = "https://github.com/evgenyneu/keychain-swift";
			requirement = {
				kind = upToNextMajorVersion;
				minimumVersion = 20.0.0;
			};
		};
/* End XCRemoteSwiftPackageReference section */

/* Begin XCSwiftPackageProductDependency section */
		86568D002AEF80010012A88E /* KeychainSwift */ = {
			isa = XCSwiftPackageProductDependency;
			package = 86568CFF2AEF80010012A88E /* XCRemoteSwiftPackageReference "keychain-swift" */;
			productName = KeychainSwift;
		};
/* End XCSwiftPackageProductDependency section */
	};
	rootObject = 862CED472AE91F590093606B /* Project object */;
}
